
Microsoft Visual Studio Solution File, Format Version 12.00
# Visual Studio 15
VisualStudioVersion = 15.0.27428.2037
MinimumVisualStudioVersion = 10.0.40219.1
Project("{FAE04EC0-301F-11D3-BF4B-00C04F79EFBC}") = "TesteApiItau", "TesteApiItau\TesteApiItau.csproj", "{074DA3D8-A2CD-42B8-854F-A7701C0282E5}"
EndProject
Global
	GlobalSection(SolutionConfigurationPlatforms) = preSolution
		Debug|Any CPU = Debug|Any CPU
		Release|Any CPU = Release|Any CPU
	EndGlobalSection
	GlobalSection(ProjectConfigurationPlatforms) = postSolution
		{074DA3D8-A2CD-42B8-854F-A7701C0282E5}.Debug|Any CPU.ActiveCfg = Debug|Any CPU
		{074DA3D8-A2CD-42B8-854F-A7701C0282E5}.Debug|Any CPU.Build.0 = Debug|Any CPU
		{074DA3D8-A2CD-42B8-854F-A7701C0282E5}.Release|Any CPU.ActiveCfg = Release|Any CPU
		{074DA3D8-A2CD-42B8-854F-A7701C0282E5}.Release|Any CPU.Build.0 = Release|Any CPU
	EndGlobalSection
	GlobalSection(SolutionProperties) = preSolution
		HideSolutionNode = FALSE
	EndGlobalSection
	GlobalSection(ExtensibilityGlobals) = postSolution
		SolutionGuid = {575F8B0C-38A3-448A-A288-A6AD0005A861}
	EndGlobalSection
EndGlobal
